
Microsoft Visual Studio Solution File, Format Version 12.00
# Visual Studio Version 16
VisualStudioVersion = 16.0.29215.179
MinimumVisualStudioVersion = 10.0.40219.1
Project("{9A19103F-16F7-4668-BE54-9A1E7A4F7556}") = "Disqord.Test", "Disqord.Test\Disqord.Test.csproj", "{ADA9A39D-1CB1-426A-9D35-2E0D3214B4C0}"
EndProject
Global
	GlobalSection(SolutionConfigurationPlatforms) = preSolution
		Debug|Any CPU = Debug|Any CPU
		Release|Any CPU = Release|Any CPU
	EndGlobalSection
	GlobalSection(ProjectConfigurationPlatforms) = postSolution
		{ADA9A39D-1CB1-426A-9D35-2E0D3214B4C0}.Debug|Any CPU.ActiveCfg = Debug|Any CPU
		{ADA9A39D-1CB1-426A-9D35-2E0D3214B4C0}.Debug|Any CPU.Build.0 = Debug|Any CPU
		{ADA9A39D-1CB1-426A-9D35-2E0D3214B4C0}.Release|Any CPU.ActiveCfg = Release|Any CPU
		{ADA9A39D-1CB1-426A-9D35-2E0D3214B4C0}.Release|Any CPU.Build.0 = Release|Any CPU
	EndGlobalSection
	GlobalSection(SolutionProperties) = preSolution
		HideSolutionNode = FALSE
	EndGlobalSection
	GlobalSection(ExtensibilityGlobals) = postSolution
		SolutionGuid = {EFD09C91-3B86-4BB5-ABCD-4E8DD454F224}
	EndGlobalSection
EndGlobal
